
Microsoft Visual Studio Solution File, Format Version 12.00
# Visual Studio 15
VisualStudioVersion = 15.0.28307.329
MinimumVisualStudioVersion = 10.0.40219.1
Project("{FAE04EC0-301F-11D3-BF4B-00C04F79EFBC}") = "SetUpMvc5", "SetUpMvc5\SetUpMvc5.csproj", "{EB7DB7B8-5802-4C75-8DA2-6B6911FBB714}"
EndProject
Global
	GlobalSection(SolutionConfigurationPlatforms) = preSolution
		Debug|Any CPU = Debug|Any CPU
		Release|Any CPU = Release|Any CPU
	EndGlobalSection
	GlobalSection(ProjectConfigurationPlatforms) = postSolution
		{EB7DB7B8-5802-4C75-8DA2-6B6911FBB714}.Debug|Any CPU.ActiveCfg = Debug|Any CPU
		{EB7DB7B8-5802-4C75-8DA2-6B6911FBB714}.Debug|Any CPU.Build.0 = Debug|Any CPU
		{EB7DB7B8-5802-4C75-8DA2-6B6911FBB714}.Release|Any CPU.ActiveCfg = Release|Any CPU
		{EB7DB7B8-5802-4C75-8DA2-6B6911FBB714}.Release|Any CPU.Build.0 = Release|Any CPU
	EndGlobalSection
	GlobalSection(SolutionProperties) = preSolution
		HideSolutionNode = FALSE
	EndGlobalSection
	GlobalSection(ExtensibilityGlobals) = postSolution
		SolutionGuid = {36A43BD6-0AD8-4BBD-8EA2-B7C1C014D492}
	EndGlobalSection
EndGlobal
